
Microsoft Visual Studio Solution File, Format Version 12.00
# Visual Studio Version 17
VisualStudioVersion = 17.4.33103.184
MinimumVisualStudioVersion = 10.0.40219.1
Project("{FAE04EC0-301F-11D3-BF4B-00C04F79EFBC}") = "Entity", "Entity\Entity.csproj", "{A02EB822-C747-4F83-BE14-78369C82D48A}"
EndProject
Project("{FAE04EC0-301F-11D3-BF4B-00C04F79EFBC}") = "BilgiHotelDAL", "BilgiHotelDAL\BilgiHotelDAL.csproj", "{917B0B59-39DA-4F11-8D0E-627B926CBE02}"
EndProject
Project("{FAE04EC0-301F-11D3-BF4B-00C04F79EFBC}") = "BilgiHotel", "BilgiHotel\BilgiHotel.csproj", "{4DF87ADD-8587-48FF-93BD-6B52A63A5F7F}"
EndProject
Global
	GlobalSection(SolutionConfigurationPlatforms) = preSolution
		Debug|Any CPU = Debug|Any CPU
		Release|Any CPU = Release|Any CPU
	EndGlobalSection
	GlobalSection(ProjectConfigurationPlatforms) = postSolution
		{A02EB822-C747-4F83-BE14-78369C82D48A}.Debug|Any CPU.ActiveCfg = Debug|Any CPU
		{A02EB822-C747-4F83-BE14-78369C82D48A}.Debug|Any CPU.Build.0 = Debug|Any CPU
		{A02EB822-C747-4F83-BE14-78369C82D48A}.Release|Any CPU.ActiveCfg = Release|Any CPU
		{A02EB822-C747-4F83-BE14-78369C82D48A}.Release|Any CPU.Build.0 = Release|Any CPU
		{917B0B59-39DA-4F11-8D0E-627B926CBE02}.Debug|Any CPU.ActiveCfg = Debug|Any CPU
		{917B0B59-39DA-4F11-8D0E-627B926CBE02}.Debug|Any CPU.Build.0 = Debug|Any CPU
		{917B0B59-39DA-4F11-8D0E-627B926CBE02}.Release|Any CPU.ActiveCfg = Release|Any CPU
		{917B0B59-39DA-4F11-8D0E-627B926CBE02}.Release|Any CPU.Build.0 = Release|Any CPU
		{4DF87ADD-8587-48FF-93BD-6B52A63A5F7F}.Debug|Any CPU.ActiveCfg = Debug|Any CPU
		{4DF87ADD-8587-48FF-93BD-6B52A63A5F7F}.Debug|Any CPU.Build.0 = Debug|Any CPU
		{4DF87ADD-8587-48FF-93BD-6B52A63A5F7F}.Release|Any CPU.ActiveCfg = Release|Any CPU
		{4DF87ADD-8587-48FF-93BD-6B52A63A5F7F}.Release|Any CPU.Build.0 = Release|Any CPU
	EndGlobalSection
	GlobalSection(SolutionProperties) = preSolution
		HideSolutionNode = FALSE
	EndGlobalSection
	GlobalSection(ExtensibilityGlobals) = postSolution
		SolutionGuid = {3F6991B8-F055-4154-B4DD-708A4D58D5FD}
	EndGlobalSection
EndGlobal
